
Microsoft Visual Studio Solution File, Format Version 12.00
# Visual Studio Version 17
VisualStudioVersion = 17.7.34031.279
MinimumVisualStudioVersion = 10.0.40219.1
Project("{2150E333-8FDC-42A3-9474-1A3956D46DE8}") = "Services", "Services", "{FE80061E-F3AF-49CE-92D3-0DAB41A16521}"
EndProject
Project("{2150E333-8FDC-42A3-9474-1A3956D46DE8}") = "Catalog", "Catalog", "{6EB1E8FD-9FC8-433C-BAAC-EDD56F1C7304}"
EndProject
Project("{FAE04EC0-301F-11D3-BF4B-00C04F79EFBC}") = "FayShop.Catalog", "Services\Catalog\FayShop.Catalog\FayShop.Catalog.csproj", "{90E8DF02-4ADF-4D9C-936E-F9A1AF58C794}"
EndProject
Global
	GlobalSection(SolutionConfigurationPlatforms) = preSolution
		Debug|Any CPU = Debug|Any CPU
		Release|Any CPU = Release|Any CPU
	EndGlobalSection
	GlobalSection(ProjectConfigurationPlatforms) = postSolution
		{90E8DF02-4ADF-4D9C-936E-F9A1AF58C794}.Debug|Any CPU.ActiveCfg = Debug|Any CPU
		{90E8DF02-4ADF-4D9C-936E-F9A1AF58C794}.Debug|Any CPU.Build.0 = Debug|Any CPU
		{90E8DF02-4ADF-4D9C-936E-F9A1AF58C794}.Release|Any CPU.ActiveCfg = Release|Any CPU
		{90E8DF02-4ADF-4D9C-936E-F9A1AF58C794}.Release|Any CPU.Build.0 = Release|Any CPU
	EndGlobalSection
	GlobalSection(SolutionProperties) = preSolution
		HideSolutionNode = FALSE
	EndGlobalSection
	GlobalSection(NestedProjects) = preSolution
		{6EB1E8FD-9FC8-433C-BAAC-EDD56F1C7304} = {FE80061E-F3AF-49CE-92D3-0DAB41A16521}
		{90E8DF02-4ADF-4D9C-936E-F9A1AF58C794} = {6EB1E8FD-9FC8-433C-BAAC-EDD56F1C7304}
	EndGlobalSection
	GlobalSection(ExtensibilityGlobals) = postSolution
		SolutionGuid = {9AC0A0B6-3729-411A-AEBA-61F4B3D0F7C3}
	EndGlobalSection
EndGlobal
